id: plasma_pdu_to_stream
label: pdu_to_stream
category: '[plasma]'

templates:
  imports: from gnuradio import plasma
  make: plasma.pdu_to_stream(${repeat})

#  Make one 'parameters' list entry for every parameter you want settable from the GUI.
#     Keys include:
#     * id (makes the value accessible as keyname, e.g. in the make entry)
#     * label (label shown in the GUI)
#     * dtype (e.g. int, float, complex, byte, short, xxx_vector, ...)
#     * default
parameters:
- id: repeat
  label: Repeat Waveform
  dtype: bool
  default: 'True'
  options: ['True', 'False']
  option_labels: ['Yes', 'No']

inputs:
- label: pdus
  domain: message
  id: pdus
  optional: false

outputs:
- label: stream_out
  domain: stream
  dtype: complex
  
#  'file_format' specifies the version of the GRC yml format used in the file
#  and should usually not be changed.
file_format: 1
